
Microsoft Visual Studio Solution File, Format Version 12.00
# Visual Studio 15
VisualStudioVersion = 15.0.28307.902
MinimumVisualStudioVersion = 10.0.40219.1
Project("{FAE04EC0-301F-11D3-BF4B-00C04F79EFBC}") = "Website", "Website\Website.csproj", "{B48C6D97-12EA-44FD-A715-B661320B9A67}"
EndProject
Global
	GlobalSection(SolutionConfigurationPlatforms) = preSolution
		Debug|Any CPU = Debug|Any CPU
		Release|Any CPU = Release|Any CPU
	EndGlobalSection
	GlobalSection(ProjectConfigurationPlatforms) = postSolution
		{B48C6D97-12EA-44FD-A715-B661320B9A67}.Debug|Any CPU.ActiveCfg = Debug|Any CPU
		{B48C6D97-12EA-44FD-A715-B661320B9A67}.Debug|Any CPU.Build.0 = Debug|Any CPU
		{B48C6D97-12EA-44FD-A715-B661320B9A67}.Release|Any CPU.ActiveCfg = Release|Any CPU
		{B48C6D97-12EA-44FD-A715-B661320B9A67}.Release|Any CPU.Build.0 = Release|Any CPU
	EndGlobalSection
	GlobalSection(SolutionProperties) = preSolution
		HideSolutionNode = FALSE
	EndGlobalSection
	GlobalSection(ExtensibilityGlobals) = postSolution
		SolutionGuid = {08652B0B-6695-482A-855C-91E8CF84B06F}
	EndGlobalSection
EndGlobal
